
Microsoft Visual Studio Solution File, Format Version 12.00
# Visual Studio Version 16
VisualStudioVersion = 16.0.30907.101
MinimumVisualStudioVersion = 10.0.40219.1
Project("{FAE04EC0-301F-11D3-BF4B-00C04F79EFBC}") = "4.3", "4.3\4.3.csproj", "{42E694C4-6D7B-4BA4-891A-CF40BE18DFFE}"
EndProject
Global
	GlobalSection(SolutionConfigurationPlatforms) = preSolution
		Debug|Any CPU = Debug|Any CPU
		Release|Any CPU = Release|Any CPU
	EndGlobalSection
	GlobalSection(ProjectConfigurationPlatforms) = postSolution
		{42E694C4-6D7B-4BA4-891A-CF40BE18DFFE}.Debug|Any CPU.ActiveCfg = Debug|Any CPU
		{42E694C4-6D7B-4BA4-891A-CF40BE18DFFE}.Debug|Any CPU.Build.0 = Debug|Any CPU
		{42E694C4-6D7B-4BA4-891A-CF40BE18DFFE}.Release|Any CPU.ActiveCfg = Release|Any CPU
		{42E694C4-6D7B-4BA4-891A-CF40BE18DFFE}.Release|Any CPU.Build.0 = Release|Any CPU
	EndGlobalSection
	GlobalSection(SolutionProperties) = preSolution
		HideSolutionNode = FALSE
	EndGlobalSection
	GlobalSection(ExtensibilityGlobals) = postSolution
		SolutionGuid = {2D456E4C-B31E-4576-8BD3-0780F60A06D5}
	EndGlobalSection
EndGlobal
